
Microsoft Visual Studio Solution File, Format Version 12.00
# Visual Studio Version 16
VisualStudioVersion = 16.0.30114.105
MinimumVisualStudioVersion = 10.0.40219.1
Project("{FAE04EC0-301F-11D3-BF4B-00C04F79EFBC}") = "Assessment.Domain", "Assessment.Domain\Assessment.Domain.csproj", "{B33FFE5F-1AB5-401B-9259-8B9FBD1E0D1B}"
EndProject
Project("{FAE04EC0-301F-11D3-BF4B-00C04F79EFBC}") = "Assesment.Console", "Assesment.Console\Assesment.Console.csproj", "{7C48824D-18C9-4EA4-93D6-10CE69C3DB99}"
EndProject
Global
	GlobalSection(SolutionConfigurationPlatforms) = preSolution
		Debug|Any CPU = Debug|Any CPU
		Release|Any CPU = Release|Any CPU
	EndGlobalSection
	GlobalSection(SolutionProperties) = preSolution
		HideSolutionNode = FALSE
	EndGlobalSection
	GlobalSection(ProjectConfigurationPlatforms) = postSolution
		{B33FFE5F-1AB5-401B-9259-8B9FBD1E0D1B}.Debug|Any CPU.ActiveCfg = Debug|Any CPU
		{B33FFE5F-1AB5-401B-9259-8B9FBD1E0D1B}.Debug|Any CPU.Build.0 = Debug|Any CPU
		{B33FFE5F-1AB5-401B-9259-8B9FBD1E0D1B}.Release|Any CPU.ActiveCfg = Release|Any CPU
		{B33FFE5F-1AB5-401B-9259-8B9FBD1E0D1B}.Release|Any CPU.Build.0 = Release|Any CPU
		{7C48824D-18C9-4EA4-93D6-10CE69C3DB99}.Debug|Any CPU.ActiveCfg = Debug|Any CPU
		{7C48824D-18C9-4EA4-93D6-10CE69C3DB99}.Debug|Any CPU.Build.0 = Debug|Any CPU
		{7C48824D-18C9-4EA4-93D6-10CE69C3DB99}.Release|Any CPU.ActiveCfg = Release|Any CPU
		{7C48824D-18C9-4EA4-93D6-10CE69C3DB99}.Release|Any CPU.Build.0 = Release|Any CPU
	EndGlobalSection
EndGlobal
